
Microsoft Visual Studio Solution File, Format Version 12.00
# Visual Studio Version 16
VisualStudioVersion = 16.0.31729.503
MinimumVisualStudioVersion = 10.0.40219.1
Project("{FAE04EC0-301F-11D3-BF4B-00C04F79EFBC}") = "Med", "Med\Med.csproj", "{A53BFA50-8B67-452D-8BCE-B82D2424E72D}"
EndProject
Global
	GlobalSection(SolutionConfigurationPlatforms) = preSolution
		Debug|Any CPU = Debug|Any CPU
		Release|Any CPU = Release|Any CPU
	EndGlobalSection
	GlobalSection(ProjectConfigurationPlatforms) = postSolution
		{A53BFA50-8B67-452D-8BCE-B82D2424E72D}.Debug|Any CPU.ActiveCfg = Debug|Any CPU
		{A53BFA50-8B67-452D-8BCE-B82D2424E72D}.Debug|Any CPU.Build.0 = Debug|Any CPU
		{A53BFA50-8B67-452D-8BCE-B82D2424E72D}.Release|Any CPU.ActiveCfg = Release|Any CPU
		{A53BFA50-8B67-452D-8BCE-B82D2424E72D}.Release|Any CPU.Build.0 = Release|Any CPU
	EndGlobalSection
	GlobalSection(SolutionProperties) = preSolution
		HideSolutionNode = FALSE
	EndGlobalSection
	GlobalSection(ExtensibilityGlobals) = postSolution
		SolutionGuid = {ECCC077F-3527-49DE-BF67-8C56652BD4EA}
	EndGlobalSection
EndGlobal
