
Microsoft Visual Studio Solution File, Format Version 12.00
# Visual Studio Version 16
VisualStudioVersion = 16.0.31729.503
MinimumVisualStudioVersion = 10.0.40219.1
Project("{FAE04EC0-301F-11D3-BF4B-00C04F79EFBC}") = "Test01", "Test01\Test01.csproj", "{9C56AD43-395C-444E-B963-A23D9BA65FC6}"
EndProject
Global
	GlobalSection(SolutionConfigurationPlatforms) = preSolution
		Debug|Any CPU = Debug|Any CPU
		Release|Any CPU = Release|Any CPU
	EndGlobalSection
	GlobalSection(ProjectConfigurationPlatforms) = postSolution
		{9C56AD43-395C-444E-B963-A23D9BA65FC6}.Debug|Any CPU.ActiveCfg = Debug|Any CPU
		{9C56AD43-395C-444E-B963-A23D9BA65FC6}.Debug|Any CPU.Build.0 = Debug|Any CPU
		{9C56AD43-395C-444E-B963-A23D9BA65FC6}.Release|Any CPU.ActiveCfg = Release|Any CPU
		{9C56AD43-395C-444E-B963-A23D9BA65FC6}.Release|Any CPU.Build.0 = Release|Any CPU
	EndGlobalSection
	GlobalSection(SolutionProperties) = preSolution
		HideSolutionNode = FALSE
	EndGlobalSection
	GlobalSection(ExtensibilityGlobals) = postSolution
		SolutionGuid = {B71E3282-016C-4A05-8CF1-80C06B5D5890}
	EndGlobalSection
EndGlobal
